{
  "name": "@sessionbus/claude",
  "version": "0.5.0-interactive.0",
  "lockfileVersion": 3,
  "requires": true,
  "packages": {
    "": {
      "name": "@sessionbus/claude",
      "version": "0.5.0-interactive.0",
      "license": "MIT",
      "dependencies": {
        "@sessionbus/kit": "https://pkg.pr.new/@sessionbus/kit@5f93fbb"
      },
      "bin": {
        "claude-peer": "main.mjs",
        "sessionbus-claude-mcp": "mcp.mjs"
      },
      "engines": {
        "node": ">=24.0.0"
      }
    },
    "node_modules/@sessionbus/kit": {
      "version": "0.1.0-pre.2",
      "resolved": "https://pkg.pr.new/@sessionbus/kit@5f93fbb",
      "integrity": "sha512-HQ0SP9ypQhmQYdYwZZG3ML5EDgHX7AGWpalF5l1i19zIe6BVeiduw8f8IASB0tpFJd+2PGeKjVVfFEVrdfq4Aw==",
      "license": "MIT"
    }
  }
}
