{
  "name": "@sessionbus/claude",
  "version": "0.5.0-interactive.0",
  "lockfileVersion": 3,
  "requires": true,
  "packages": {
    "": {
      "name": "@sessionbus/claude",
      "version": "0.5.0-interactive.0",
      "license": "MIT",
      "dependencies": {
        "@sessionbus/kit": "https://pkg.pr.new/@sessionbus/kit@fdff89c"
      },
      "bin": {
        "claude-peer": "main.mjs"
      },
      "engines": {
        "node": ">=24.0.0"
      }
    },
    "node_modules/@sessionbus/kit": {
      "version": "0.1.0-pre.2",
      "resolved": "https://pkg.pr.new/@sessionbus/kit@fdff89c",
      "integrity": "sha512-QUAF3kpTdrV93JmFtegKaqs78YlZ0TZJb4/K5zmtfGIIrPfvvBS/m2xDud05PwU/ZjyFL65yNE8ZeR2cxGlR0g==",
      "license": "MIT"
    }
  }
}
