{
  "name": "@sessionbus/kilo",
  "version": "0.1.0-pre.1",
  "lockfileVersion": 3,
  "requires": true,
  "packages": {
    "": {
      "name": "@sessionbus/kilo",
      "version": "0.1.0-pre.1",
      "license": "MIT",
      "dependencies": {
        "@sessionbus/kit": "https://pkg.pr.new/@sessionbus/kit@3a5f964c80052fe19a002d4f4cc50f2333c2f168"
      }
    },
    "node_modules/@sessionbus/kit": {
      "version": "0.5.5",
      "resolved": "https://pkg.pr.new/@sessionbus/kit@3a5f964c80052fe19a002d4f4cc50f2333c2f168",
      "integrity": "sha512-ni5Sk+j7oUVtJxdN+AKvpvcG4awTdnyhjK73mC3KoqGeHUEDNs4zDO21uQyN3xYriKOOZKvsX6l7GFVRYFO2aw==",
      "license": "MIT"
    }
  }
}
