{
  "name": "@sessionbus/kilo",
  "version": "0.1.0-pre.1",
  "lockfileVersion": 3,
  "requires": true,
  "packages": {
    "": {
      "name": "@sessionbus/kilo",
      "version": "0.1.0-pre.1",
      "license": "MIT",
      "dependencies": {
        "@sessionbus/kit": "https://pkg.pr.new/@sessionbus/kit@0b35c99"
      }
    },
    "node_modules/@sessionbus/kit": {
      "version": "0.1.0-pre.2",
      "resolved": "https://pkg.pr.new/@sessionbus/kit@0b35c99",
      "integrity": "sha512-v+C6QrbC0jTJxWlJP/sk1glecWTM2oXyCpvb9gL+9mgyMciW4Qwg51JbS0J8eiCjI5psDbMX3vl9PBPhYUQN1g==",
      "license": "MIT"
    }
  }
}
