{
  "name": "@sessionbus/opencode",
  "version": "0.1.0-pre.1",
  "lockfileVersion": 3,
  "requires": true,
  "packages": {
    "": {
      "name": "@sessionbus/opencode",
      "version": "0.1.0-pre.1",
      "license": "MIT",
      "dependencies": {
        "@sessionbus/kit": "https://pkg.pr.new/@sessionbus/kit@8cc6a59"
      }
    },
    "node_modules/@sessionbus/kit": {
      "version": "0.1.0-pre.2",
      "resolved": "https://pkg.pr.new/@sessionbus/kit@8cc6a59",
      "integrity": "sha512-oaSCEKGOwq4uouY1iASfclp6dhOWo8mFD1Jp9wNVB2R4lEM5qk2LBhdQ1LGPPn84jwsDdD1N2KRopy+/eAER5A==",
      "license": "MIT"
    }
  }
}
