{
  "name": "@sessionbus/opencode",
  "version": "0.1.0-pre.1",
  "lockfileVersion": 3,
  "requires": true,
  "packages": {
    "": {
      "name": "@sessionbus/opencode",
      "version": "0.1.0-pre.1",
      "license": "MIT",
      "dependencies": {
        "@sessionbus/kit": "0.5.5"
      }
    },
    "node_modules/@sessionbus/kit": {
      "version": "0.5.5",
      "resolved": "https://registry.npmjs.org/@sessionbus/kit/-/kit-0.5.5.tgz",
      "integrity": "sha512-3yPePaFxPKYZeD7NycYxjLMbj1Ei2l6kwVbedI2V2Ox0XuuLL7aELsbOz6ylazscMiFfz0Op/z0oHY73uiDMwQ==",
      "license": "MIT"
    }
  }
}
